// !$*UTF8*$!
{
	archiveVersion = 1;
	classes = {
	};
	objectVersion = 55;
	objects = {
		00E356F61AD3F737E97D987A /* AppDelegate.swift in Sources */ = {isa = PBXBuildFile; fileRef = 00E356F51AD3F737E97D987A; };
		00E356F71AD3F737E97D987A /* main.swift in Sources */ = {isa = PBXBuildFile; fileRef = 00E356F81AD3F737E97D987A; };
		00E356F91AD3F737E97D987A /* ViewController.swift in Sources */ = {isa = PBXBuildFile; fileRef = 00E356FA1AD3F737E97D987A; };
		00E356FB1AD3F737E97D987A /* Info.plist in Resources */ = {isa = PBXBuildFile; fileRef = 00E356FC1AD3F737E97D987A; };
		00E356FD1AD3F737E97D987A /* LaunchScreen.xib in Resources */ = {isa = PBXBuildFile; fileRef = 00E356FE1AD3F737E97D987A; };
		00E356F51AD3F737E97D987A /* AppDelegate.swift */ = {isa = PBXFileReference; fileEncoding = 4; lastKnownFileType = sourcecode.swift; path = AppDelegate.swift; sourceTree = "<group>"; };
		00E356F81AD3F737E97D987A /* main.swift */ = {isa = PBXFileReference; fileEncoding = 4; lastKnownFileType = sourcecode.swift; path = main.swift; sourceTree = "<group>"; };
		00E356FA1AD3F737E97D987A /* ViewController.swift */ = {isa = PBXFileReference; fileEncoding = 4; lastKnownFileType = sourcecode.swift; path = ViewController.swift; sourceTree = "<group>"; };
		00E356FC1AD3F737E97D987A /* Info.plist */ = {isa = PBXFileReference; fileEncoding = 4; lastKnownFileType = text.plist.xml; path = Info.plist; sourceTree = "<group>"; };
		00E356FE1AD3F737E97D987A /* LaunchScreen.xib */ = {isa = PBXFileReference; fileEncoding = 4; lastKnownFileType = file.xib; path = LaunchScreen.xib; sourceTree = "<group>"; };
		00E357001AD3F737E97D987A /* AlpsSDKExample.app */ = {isa = PBXFileReference; explicitFileType = wrapper.application; includeInIndex = 0; path = AlpsSDKExample.app; sourceTree = BUILT_PRODUCTS_DIR; };
		00E357011AD3F737E97D987A /* Products */ = {isa = PBXGroup; children = (00E357001AD3F737E97D987A); name = Products; sourceTree = "<group>"; };
		00E357031AD3F737E97D987A /* AlpsSDKExample */ = {isa = PBXGroup; children = (00E356F51AD3F737E97D987A, 00E356F81AD3F737E97D987A, 00E356FA1AD3F737E97D987A, 00E356FC1AD3F737E97D987A, 00E356FE1AD3F737E97D987A); name = AlpsSDKExample; path = AlpsSDKExample; sourceTree = "<group>"; };
		00E357041AD3F737E97D987A /* Supporting Files */ = {isa = PBXGroup; children = (); name = "Supporting Files"; sourceTree = "<group>"; };
		00E357051AD3F737E97D987A /* AlpsSDKExample */ = {isa = PBXNativeTarget; buildConfigurationList = 00E357061AD3F737E97D987A; buildPhases = (00E357071AD3F737E97D987A, 00E357081AD3F737E97D987A); buildRules = (); dependencies = (); name = AlpsSDKExample; productName = AlpsSDKExample; productReference = 00E357001AD3F737E97D987A; productType = "com.apple.product-type.application"; };
		00E357061AD3F737E97D987A /* Build configuration list for PBXNativeTarget "AlpsSDKExample" */ = {isa = XCConfigurationList; buildConfigurations = (00E357091AD3F737E97D987A, 00E3570A1AD3F737E97D987A); defaultConfigurationIsVisible = 0; };
		00E357071AD3F737E97D987A /* Sources */ = {isa = PBXSourcesBuildPhase; buildActionMask = 2147483647; files = (00E356F61AD3F737E97D987A, 00E356F71AD3F737E97D987A, 00E356F91AD3F737E97D987A); runOnlyForDeploymentPostprocessing = 0; };
		00E357081AD3F737E97D987A /* Resources */ = {isa = PBXResourcesBuildPhase; buildActionMask = 2147483647; files = (00E356FB1AD3F737E97D987A, 00E356FD1AD3F737E97D987A); runOnlyForDeploymentPostprocessing = 0; };
		00E357091AD3F737E97D987A /* Debug */ = {isa = XCBuildConfiguration; buildSettings = {ALWAYS_SEARCH_USER_PATHS = NO; ASSETCATALOG_COMPILER_APPICON_NAME = AppIcon; ASSETCATALOG_COMPILER_LAUNCHIMAGE_NAME = LaunchImage; BUNDLE_IDENTIFIER = com.tryalps.sdk.example; CLANG_ANALYZER_NONNULL = YES; CLANG_CXX_LANGUAGE_DIALECT = "gnu++0x"; CLANG_CXX_LIBRARY = libc++; CLANG_ENABLE_MODULES = YES; CLANG_ENABLE_OBJC_ARC = YES; CLANG_WARN_BOOL_CONVERSION = YES; CLANG_WARN_CONSTANT_CONVERSION = YES; CLANG_WARN_DIRECT_OBJC_ISA_USAGE = YES_ERROR; CLANG_WARN_EMPTY_BODY = YES; CLANG_WARN_ENUM_CONVERSION = YES; CLANG_WARN_INT_CONVERSION = YES; CLANG_WARN_OBJC_ROOT_CLASS = YES_ERROR; CLANG_WARN_UNREACHABLE_CODE = YES; CLANG_WARN__DUPLICATE_METHOD_MATCH = YES; CODE_SIGN_IDENTITY = ""; COPY_PHASE_STRIP = NO; DEBUG_INFORMATION_FORMAT = dwarf; ENABLE_STRICT_OBJC_MSGSEND = YES; ENABLE_TESTABILITY = YES; GCC_C_LANGUAGE_DIALECT = gnu99; GCC_DYNAMIC_NO_PIC = NO; GCC_NO_COMMON_BLOCKS = YES; GCC_OPTIMIZATION_LEVEL = 0; GCC_PREPROCESSOR_DEFINITIONS = "DEBUG=1"; GCC_SYMBOLS_PRIVATE_EXTERN = NO; GCC_WARN_64_TO_32_BIT_CONVERSION = YES; GCC_WARN_ABOUT_RETURN_TYPE = YES_ERROR; GCC_WARN_SHADOW = YES; GCC_WARN_UNDECLARED_SELECTOR = YES; GCC_WARN_UNINITIALIZED_AUTOS = YES_AGGRESSIVE; GCC_WARN_UNUSED_FUNCTION = YES; GCC_WARN_UNUSED_VARIABLE = YES; IPHONEOS_DEPLOYMENT_TARGET = 15.0; MTL_ENABLE_DEBUG_INFO = YES; ONLY_ACTIVE_ARCH = YES; SDKROOT = iphoneos; TARGETED_DEVICE_FAMILY = "1,2"; }; name = Debug; };
		00E3570A1AD3F737E97D987A /* Release */ = {isa = XCBuildConfiguration; buildSettings = {ALWAYS_SEARCH_USER_PATHS = NO; ASSETCATALOG_COMPILER_APPICON_NAME = AppIcon; ASSETCATALOG_COMPILER_LAUNCHIMAGE_NAME = LaunchImage; BUNDLE_IDENTIFIER = com.tryalps.sdk.example; CLANG_ANALYZER_NONNULL = YES; CLANG_CXX_LANGUAGE_DIALECT = "gnu++0x"; CLANG_CXX_LIBRARY = libc++; CLANG_ENABLE_MODULES = YES; CLANG_ENABLE_OBJC_ARC = YES; CLANG_WARN_BOOL_CONVERSION = YES; CLANG_WARN_CONSTANT_CONVERSION = YES; CLANG_WARN_DIRECT_OBJC_ISA_USAGE = YES_ERROR; CLANG_WARN_EMPTY_BODY = YES; CLANG_WARN_ENUM_CONVERSION = YES; CLANG_WARN_INT_CONVERSION = YES; CLANG_WARN_OBJC_ROOT_CLASS = YES_ERROR; CLANG_WARN_UNREACHABLE_CODE = YES; CLANG_WARN__DUPLICATE_METHOD_MATCH = YES; CODE_SIGN_IDENTITY = ""; COPY_PHASE_STRIP = NO; DEBUG_INFORMATION_FORMAT = "dwarf-with-dsym"; ENABLE_NS_ASSERTIONS = NO; ENABLE_STRICT_OBJC_MSGSEND = YES; GCC_C_LANGUAGE_DIALECT = gnu99; GCC_NO_COMMON_BLOCKS = YES; GCC_OPTIMIZATION_LEVEL = s; GCC_WARN_64_TO_32_BIT_CONVERSION = YES; GCC_WARN_ABOUT_RETURN_TYPE = YES_ERROR; GCC_WARN_SHADOW = YES; GCC_WARN_UNDECLARED_SELECTOR = YES; GCC_WARN_UNINITIALIZED_AUTOS = YES_AGGRESSIVE; GCC_WARN_UNUSED_FUNCTION = YES; GCC_WARN_UNUSED_VARIABLE = YES; IPHONEOS_DEPLOYMENT_TARGET = 15.0; MTL_ENABLE_DEBUG_INFO = NO; SDKROOT = iphoneos; TARGETED_DEVICE_FAMILY = "1,2"; VALIDATE_PRODUCT = YES; }; name = Release; };
		00E3570B1AD3F737E97D987A /* Build configuration list for PBXProject "AlpsSDKExample" */ = {isa = XCConfigurationList; buildConfigurations = (00E3570C1AD3F737E97D987A, 00E3570D1AD3F737E97D987A); defaultConfigurationIsVisible = 0; defaultConfigurationName = Release; };
		00E3570C1AD3F737E97D987A /* Debug */ = {isa = XCBuildConfiguration; buildSettings = {}; name = Debug; };
		00E3570D1AD3F737E97D987A /* Release */ = {isa = XCBuildConfiguration; buildSettings = {}; name = Release; };
		00E3570E1AD3F737E97D987A /* Sources */ = {isa = PBXSourcesBuildPhase; buildActionMask = 2147483647; files = (); runOnlyForDeploymentPostprocessing = 0; };
		00E3570F1AD3F737E97D987A /* Frameworks */ = {isa = PBXFrameworksBuildPhase; buildActionMask = 2147483647; files = (); runOnlyForDeploymentPostprocessing = 0; };
		00E357101AD3F737E97D987A /* PBXProject */ = {isa = PBXProject; attributes = {LastUpgradeCheck = 0730; TargetAttributes = {00E357051AD3F737E97D987A = {CreatedOnToolsVersion = 7.3; }; }; buildConfigurationList = 00E3570B1AD3F737E97D987A; compatibilityVersion = "Xcode 3.2"; developmentRegion = en; hasScannedForEncodings = 0; knownRegions = (en); mainGroup = 00E356F01AD3F737E97D987A; productRefGroup = 00E357011AD3F737E97D987A; projectDirPath = ""; projectRoot = ""; targets = (00E357051AD3F737E97D987A); };
		00E356F01AD3F737E97D987A /* AlpsSDKExample */ = {isa = PBXGroup; children = (00E357031AD3F737E97D987A, 00E357041AD3F737E97D987A, 00E357011AD3F737E97D987A); sourceTree = "<group>"; };
	};
	rootObject = 00E357101AD3F737E97D987A;
}
